
Microsoft Visual Studio Solution File, Format Version 12.00
# Visual Studio Version 17
VisualStudioVersion = 17.0.31903.59
MinimumVisualStudioVersion = 10.0.40219.1
Project("{FAE04EC0-301F-11D3-BF4B-00C04F79EFBC}") = "weges-v2.AppHost", "weges-v2.AppHost\weges-v2.AppHost.csproj", "{341E0127-01CF-4E00-BE6E-9290A667D416}"
EndProject
Project("{FAE04EC0-301F-11D3-BF4B-00C04F79EFBC}") = "weges-v2.ServiceDefaults", "weges-v2.ServiceDefaults\weges-v2.ServiceDefaults.csproj", "{11929FF5-FE58-4EE4-8563-9AB09C639777}"
EndProject
Project("{FAE04EC0-301F-11D3-BF4B-00C04F79EFBC}") = "weges-v2.ApiService", "weges-v2.ApiService\weges-v2.ApiService.csproj", "{837A314D-042B-4D14-8E7C-2BEF7269E305}"
EndProject
Project("{FAE04EC0-301F-11D3-BF4B-00C04F79EFBC}") = "weges-v2.Web", "weges-v2.Web\weges-v2.Web.csproj", "{FE1A8E53-0084-4B19-844B-321E2039CFF0}"
EndProject
Project("{FAE04EC0-301F-11D3-BF4B-00C04F79EFBC}") = "weges-v2.Tests", "weges-v2.Tests\weges-v2.Tests.csproj", "{BE0E6090-9106-4D9D-880D-A68E295867ED}"
EndProject
Project("{FAE04EC0-301F-11D3-BF4B-00C04F79EFBC}") = "weges-v2.ApiModel", "weges-v2.ApiModel\weges-v2.ApiModel.csproj", "{6B337A8E-8089-498A-87AF-1AB648351817}"
EndProject
Project("{FAE04EC0-301F-11D3-BF4B-00C04F79EFBC}") = "weges-v2.DbMigrations", "weges-v2.DbMigrations\weges-v2.DbMigrations.csproj", "{56455937-C934-43D2-BD64-C613A43F14F2}"
EndProject
Project("{2150E333-8FDC-42A3-9474-1A3956D46DE8}") = "Solution Items", "Solution Items", "{D6094000-7200-44D3-A030-20B0E1793CB5}"
	ProjectSection(SolutionItems) = preProject
		.editorconfig = .editorconfig
	EndProjectSection
EndProject
Global
	GlobalSection(SolutionConfigurationPlatforms) = preSolution
		Debug|Any CPU = Debug|Any CPU
		Release|Any CPU = Release|Any CPU
	EndGlobalSection
	GlobalSection(ProjectConfigurationPlatforms) = postSolution
		{341E0127-01CF-4E00-BE6E-9290A667D416}.Debug|Any CPU.ActiveCfg = Debug|Any CPU
		{341E0127-01CF-4E00-BE6E-9290A667D416}.Debug|Any CPU.Build.0 = Debug|Any CPU
		{341E0127-01CF-4E00-BE6E-9290A667D416}.Release|Any CPU.ActiveCfg = Release|Any CPU
		{341E0127-01CF-4E00-BE6E-9290A667D416}.Release|Any CPU.Build.0 = Release|Any CPU
		{11929FF5-FE58-4EE4-8563-9AB09C639777}.Debug|Any CPU.ActiveCfg = Debug|Any CPU
		{11929FF5-FE58-4EE4-8563-9AB09C639777}.Debug|Any CPU.Build.0 = Debug|Any CPU
		{11929FF5-FE58-4EE4-8563-9AB09C639777}.Release|Any CPU.ActiveCfg = Release|Any CPU
		{11929FF5-FE58-4EE4-8563-9AB09C639777}.Release|Any CPU.Build.0 = Release|Any CPU
		{837A314D-042B-4D14-8E7C-2BEF7269E305}.Debug|Any CPU.ActiveCfg = Debug|Any CPU
		{837A314D-042B-4D14-8E7C-2BEF7269E305}.Debug|Any CPU.Build.0 = Debug|Any CPU
		{837A314D-042B-4D14-8E7C-2BEF7269E305}.Release|Any CPU.ActiveCfg = Release|Any CPU
		{837A314D-042B-4D14-8E7C-2BEF7269E305}.Release|Any CPU.Build.0 = Release|Any CPU
		{FE1A8E53-0084-4B19-844B-321E2039CFF0}.Debug|Any CPU.ActiveCfg = Debug|Any CPU
		{FE1A8E53-0084-4B19-844B-321E2039CFF0}.Debug|Any CPU.Build.0 = Debug|Any CPU
		{FE1A8E53-0084-4B19-844B-321E2039CFF0}.Release|Any CPU.ActiveCfg = Release|Any CPU
		{FE1A8E53-0084-4B19-844B-321E2039CFF0}.Release|Any CPU.Build.0 = Release|Any CPU
		{BE0E6090-9106-4D9D-880D-A68E295867ED}.Debug|Any CPU.ActiveCfg = Debug|Any CPU
		{BE0E6090-9106-4D9D-880D-A68E295867ED}.Debug|Any CPU.Build.0 = Debug|Any CPU
		{BE0E6090-9106-4D9D-880D-A68E295867ED}.Release|Any CPU.ActiveCfg = Release|Any CPU
		{BE0E6090-9106-4D9D-880D-A68E295867ED}.Release|Any CPU.Build.0 = Release|Any CPU
		{6B337A8E-8089-498A-87AF-1AB648351817}.Debug|Any CPU.ActiveCfg = Debug|Any CPU
		{6B337A8E-8089-498A-87AF-1AB648351817}.Debug|Any CPU.Build.0 = Debug|Any CPU
		{6B337A8E-8089-498A-87AF-1AB648351817}.Release|Any CPU.ActiveCfg = Release|Any CPU
		{6B337A8E-8089-498A-87AF-1AB648351817}.Release|Any CPU.Build.0 = Release|Any CPU
		{56455937-C934-43D2-BD64-C613A43F14F2}.Debug|Any CPU.ActiveCfg = Debug|Any CPU
		{56455937-C934-43D2-BD64-C613A43F14F2}.Debug|Any CPU.Build.0 = Debug|Any CPU
		{56455937-C934-43D2-BD64-C613A43F14F2}.Release|Any CPU.ActiveCfg = Release|Any CPU
		{56455937-C934-43D2-BD64-C613A43F14F2}.Release|Any CPU.Build.0 = Release|Any CPU
	EndGlobalSection
	GlobalSection(SolutionProperties) = preSolution
		HideSolutionNode = FALSE
	EndGlobalSection
EndGlobal
