
Microsoft Visual Studio Solution File, Format Version 12.00
# Visual Studio Version 17
VisualStudioVersion = 17.0.31903.59
MinimumVisualStudioVersion = 10.0.40219.1
Project("{FAE04EC0-301F-11D3-BF4B-00C04F79EFBC}") = "AppHost", "AppHost\AppHost.csproj", "{341E0127-01CF-4E00-BE6E-9290A667D416}"
EndProject
Project("{FAE04EC0-301F-11D3-BF4B-00C04F79EFBC}") = "ServiceDefaults", "ServiceDefaults\ServiceDefaults.csproj", "{11929FF5-FE58-4EE4-8563-9AB09C639777}"
EndProject
Project("{FAE04EC0-301F-11D3-BF4B-00C04F79EFBC}") = "ApiService", "ApiService\ApiService.csproj", "{837A314D-042B-4D14-8E7C-2BEF7269E305}"
EndProject
Project("{FAE04EC0-301F-11D3-BF4B-00C04F79EFBC}") = "Web", "Web\Web.csproj", "{FE1A8E53-0084-4B19-844B-321E2039CFF0}"
EndProject
Project("{FAE04EC0-301F-11D3-BF4B-00C04F79EFBC}") = "Tests", "Tests\Tests.csproj", "{BE0E6090-9106-4D9D-880D-A68E295867ED}"
EndProject
Project("{FAE04EC0-301F-11D3-BF4B-00C04F79EFBC}") = "ApiModel", "ApiModel\ApiModel.csproj", "{6B337A8E-8089-498A-87AF-1AB648351817}"
EndProject
Project("{FAE04EC0-301F-11D3-BF4B-00C04F79EFBC}") = "BaseDbMigrations", "BaseDbMigrations\BaseDbMigrations.csproj", "{56455937-C934-43D2-BD64-C613A43F14F2}"
EndProject
Project("{2150E333-8FDC-42A3-9474-1A3956D46DE8}") = "Solution Items", "Solution Items", "{D6094000-7200-44D3-A030-20B0E1793CB5}"
	ProjectSection(SolutionItems) = preProject
		.dockerignore = .dockerignore
		.editorconfig = .editorconfig
		.gitignore = .gitignore
		docker-compose.yml = docker-compose.yml
		.github\workflows\web-docker-image.yml = .github\workflows\web-docker-image.yml
	EndProjectSection
EndProject
Project("{FAE04EC0-301F-11D3-BF4B-00C04F79EFBC}") = "SharedKernel", "SharedKernel\SharedKernel.csproj", "{4F1114BF-5FED-47C4-9221-CB01F44A0746}"
EndProject
Project("{FAE04EC0-301F-11D3-BF4B-00C04F79EFBC}") = "Services", "Services\Services.csproj", "{6E778464-FFCE-4170-AEAB-847004D8F09F}"
EndProject
Project("{FAE04EC0-301F-11D3-BF4B-00C04F79EFBC}") = "IdentityMigrations", "IdentityMigrations\IdentityMigrations.csproj", "{895373AE-E0EC-4E83-A264-DCD2D809291D}"
EndProject
Project("{FAE04EC0-301F-11D3-BF4B-00C04F79EFBC}") = "FileManagement", "FileManagement\FileManagement.csproj", "{68A50652-B6DC-49BB-AEB7-BEF2F04BB729}"
EndProject
Global
	GlobalSection(SolutionConfigurationPlatforms) = preSolution
		Debug|Any CPU = Debug|Any CPU
		Release|Any CPU = Release|Any CPU
	EndGlobalSection
	GlobalSection(ProjectConfigurationPlatforms) = postSolution
		{341E0127-01CF-4E00-BE6E-9290A667D416}.Debug|Any CPU.ActiveCfg = Debug|Any CPU
		{341E0127-01CF-4E00-BE6E-9290A667D416}.Debug|Any CPU.Build.0 = Debug|Any CPU
		{341E0127-01CF-4E00-BE6E-9290A667D416}.Release|Any CPU.ActiveCfg = Release|Any CPU
		{341E0127-01CF-4E00-BE6E-9290A667D416}.Release|Any CPU.Build.0 = Release|Any CPU
		{11929FF5-FE58-4EE4-8563-9AB09C639777}.Debug|Any CPU.ActiveCfg = Debug|Any CPU
		{11929FF5-FE58-4EE4-8563-9AB09C639777}.Debug|Any CPU.Build.0 = Debug|Any CPU
		{11929FF5-FE58-4EE4-8563-9AB09C639777}.Release|Any CPU.ActiveCfg = Release|Any CPU
		{11929FF5-FE58-4EE4-8563-9AB09C639777}.Release|Any CPU.Build.0 = Release|Any CPU
		{837A314D-042B-4D14-8E7C-2BEF7269E305}.Debug|Any CPU.ActiveCfg = Debug|Any CPU
		{837A314D-042B-4D14-8E7C-2BEF7269E305}.Debug|Any CPU.Build.0 = Debug|Any CPU
		{837A314D-042B-4D14-8E7C-2BEF7269E305}.Release|Any CPU.ActiveCfg = Release|Any CPU
		{837A314D-042B-4D14-8E7C-2BEF7269E305}.Release|Any CPU.Build.0 = Release|Any CPU
		{FE1A8E53-0084-4B19-844B-321E2039CFF0}.Debug|Any CPU.ActiveCfg = Debug|Any CPU
		{FE1A8E53-0084-4B19-844B-321E2039CFF0}.Debug|Any CPU.Build.0 = Debug|Any CPU
		{FE1A8E53-0084-4B19-844B-321E2039CFF0}.Release|Any CPU.ActiveCfg = Release|Any CPU
		{FE1A8E53-0084-4B19-844B-321E2039CFF0}.Release|Any CPU.Build.0 = Release|Any CPU
		{BE0E6090-9106-4D9D-880D-A68E295867ED}.Debug|Any CPU.ActiveCfg = Debug|Any CPU
		{BE0E6090-9106-4D9D-880D-A68E295867ED}.Debug|Any CPU.Build.0 = Debug|Any CPU
		{BE0E6090-9106-4D9D-880D-A68E295867ED}.Release|Any CPU.ActiveCfg = Release|Any CPU
		{BE0E6090-9106-4D9D-880D-A68E295867ED}.Release|Any CPU.Build.0 = Release|Any CPU
		{6B337A8E-8089-498A-87AF-1AB648351817}.Debug|Any CPU.ActiveCfg = Debug|Any CPU
		{6B337A8E-8089-498A-87AF-1AB648351817}.Debug|Any CPU.Build.0 = Debug|Any CPU
		{6B337A8E-8089-498A-87AF-1AB648351817}.Release|Any CPU.ActiveCfg = Release|Any CPU
		{6B337A8E-8089-498A-87AF-1AB648351817}.Release|Any CPU.Build.0 = Release|Any CPU
		{56455937-C934-43D2-BD64-C613A43F14F2}.Debug|Any CPU.ActiveCfg = Debug|Any CPU
		{56455937-C934-43D2-BD64-C613A43F14F2}.Debug|Any CPU.Build.0 = Debug|Any CPU
		{56455937-C934-43D2-BD64-C613A43F14F2}.Release|Any CPU.ActiveCfg = Release|Any CPU
		{56455937-C934-43D2-BD64-C613A43F14F2}.Release|Any CPU.Build.0 = Release|Any CPU
		{4F1114BF-5FED-47C4-9221-CB01F44A0746}.Debug|Any CPU.ActiveCfg = Debug|Any CPU
		{4F1114BF-5FED-47C4-9221-CB01F44A0746}.Debug|Any CPU.Build.0 = Debug|Any CPU
		{4F1114BF-5FED-47C4-9221-CB01F44A0746}.Release|Any CPU.ActiveCfg = Release|Any CPU
		{4F1114BF-5FED-47C4-9221-CB01F44A0746}.Release|Any CPU.Build.0 = Release|Any CPU
		{6E778464-FFCE-4170-AEAB-847004D8F09F}.Debug|Any CPU.ActiveCfg = Debug|Any CPU
		{6E778464-FFCE-4170-AEAB-847004D8F09F}.Debug|Any CPU.Build.0 = Debug|Any CPU
		{6E778464-FFCE-4170-AEAB-847004D8F09F}.Release|Any CPU.ActiveCfg = Release|Any CPU
		{6E778464-FFCE-4170-AEAB-847004D8F09F}.Release|Any CPU.Build.0 = Release|Any CPU
		{895373AE-E0EC-4E83-A264-DCD2D809291D}.Debug|Any CPU.ActiveCfg = Debug|Any CPU
		{895373AE-E0EC-4E83-A264-DCD2D809291D}.Debug|Any CPU.Build.0 = Debug|Any CPU
		{895373AE-E0EC-4E83-A264-DCD2D809291D}.Release|Any CPU.ActiveCfg = Release|Any CPU
		{895373AE-E0EC-4E83-A264-DCD2D809291D}.Release|Any CPU.Build.0 = Release|Any CPU
		{68A50652-B6DC-49BB-AEB7-BEF2F04BB729}.Debug|Any CPU.ActiveCfg = Debug|Any CPU
		{68A50652-B6DC-49BB-AEB7-BEF2F04BB729}.Debug|Any CPU.Build.0 = Debug|Any CPU
		{68A50652-B6DC-49BB-AEB7-BEF2F04BB729}.Release|Any CPU.ActiveCfg = Release|Any CPU
		{68A50652-B6DC-49BB-AEB7-BEF2F04BB729}.Release|Any CPU.Build.0 = Release|Any CPU
	EndGlobalSection
	GlobalSection(SolutionProperties) = preSolution
		HideSolutionNode = FALSE
	EndGlobalSection
EndGlobal
